
Microsoft Visual Studio Solution File, Format Version 12.00
# Visual Studio Version 16
VisualStudioVersion = 16.0.29521.150
MinimumVisualStudioVersion = 10.0.40219.1
Project("{9A19103F-16F7-4668-BE54-9A1E7A4F7556}") = "Ecommerce.UI", "Ecommerce.UI\Ecommerce.UI.csproj", "{9C97FFD7-C3A8-4288-97B1-483E6F270A9F}"
EndProject
Project("{9A19103F-16F7-4668-BE54-9A1E7A4F7556}") = "IdentityServer", "IdentityServer\IdentityServer.csproj", "{5A091ACE-0977-40D4-86E5-823DDC580CA9}"
EndProject
Project("{FAE04EC0-301F-11D3-BF4B-00C04F79EFBC}") = "Ecommerce.API", "Ecommerce.API\Ecommerce.API.csproj", "{7E716630-0CD8-4EEB-A446-6ABFACE86F1D}"
EndProject
Project("{FAE04EC0-301F-11D3-BF4B-00C04F79EFBC}") = "Ecommerce.Shared", "Ecommerce.Shared\Ecommerce.Shared.csproj", "{FFB8669E-46C0-4B4D-BA7A-70F812C5DB60}"
EndProject
Project("{FAE04EC0-301F-11D3-BF4B-00C04F79EFBC}") = "Ecommerce.Application", "Ecommerce.Application\Ecommerce.Application.csproj", "{0855CDE5-98A9-44AB-ACCE-F94F73DBEA6B}"
EndProject
Global
	GlobalSection(SolutionConfigurationPlatforms) = preSolution
		Debug|Any CPU = Debug|Any CPU
		Release|Any CPU = Release|Any CPU
	EndGlobalSection
	GlobalSection(ProjectConfigurationPlatforms) = postSolution
		{9C97FFD7-C3A8-4288-97B1-483E6F270A9F}.Debug|Any CPU.ActiveCfg = Debug|Any CPU
		{9C97FFD7-C3A8-4288-97B1-483E6F270A9F}.Debug|Any CPU.Build.0 = Debug|Any CPU
		{9C97FFD7-C3A8-4288-97B1-483E6F270A9F}.Release|Any CPU.ActiveCfg = Release|Any CPU
		{9C97FFD7-C3A8-4288-97B1-483E6F270A9F}.Release|Any CPU.Build.0 = Release|Any CPU
		{5A091ACE-0977-40D4-86E5-823DDC580CA9}.Debug|Any CPU.ActiveCfg = Debug|Any CPU
		{5A091ACE-0977-40D4-86E5-823DDC580CA9}.Debug|Any CPU.Build.0 = Debug|Any CPU
		{5A091ACE-0977-40D4-86E5-823DDC580CA9}.Release|Any CPU.ActiveCfg = Release|Any CPU
		{5A091ACE-0977-40D4-86E5-823DDC580CA9}.Release|Any CPU.Build.0 = Release|Any CPU
		{7E716630-0CD8-4EEB-A446-6ABFACE86F1D}.Debug|Any CPU.ActiveCfg = Debug|Any CPU
		{7E716630-0CD8-4EEB-A446-6ABFACE86F1D}.Debug|Any CPU.Build.0 = Debug|Any CPU
		{7E716630-0CD8-4EEB-A446-6ABFACE86F1D}.Release|Any CPU.ActiveCfg = Release|Any CPU
		{7E716630-0CD8-4EEB-A446-6ABFACE86F1D}.Release|Any CPU.Build.0 = Release|Any CPU
		{FFB8669E-46C0-4B4D-BA7A-70F812C5DB60}.Debug|Any CPU.ActiveCfg = Debug|Any CPU
		{FFB8669E-46C0-4B4D-BA7A-70F812C5DB60}.Debug|Any CPU.Build.0 = Debug|Any CPU
		{FFB8669E-46C0-4B4D-BA7A-70F812C5DB60}.Release|Any CPU.ActiveCfg = Release|Any CPU
		{FFB8669E-46C0-4B4D-BA7A-70F812C5DB60}.Release|Any CPU.Build.0 = Release|Any CPU
		{0855CDE5-98A9-44AB-ACCE-F94F73DBEA6B}.Debug|Any CPU.ActiveCfg = Debug|Any CPU
		{0855CDE5-98A9-44AB-ACCE-F94F73DBEA6B}.Debug|Any CPU.Build.0 = Debug|Any CPU
		{0855CDE5-98A9-44AB-ACCE-F94F73DBEA6B}.Release|Any CPU.ActiveCfg = Release|Any CPU
		{0855CDE5-98A9-44AB-ACCE-F94F73DBEA6B}.Release|Any CPU.Build.0 = Release|Any CPU
	EndGlobalSection
	GlobalSection(SolutionProperties) = preSolution
		HideSolutionNode = FALSE
	EndGlobalSection
	GlobalSection(ExtensibilityGlobals) = postSolution
		SolutionGuid = {F1184F25-515B-4E38-B4A5-CE20E9F9C939}
	EndGlobalSection
EndGlobal
